
Microsoft Visual Studio Solution File, Format Version 12.00
# Visual Studio 2013
VisualStudioVersion = 12.0.31101.0
MinimumVisualStudioVersion = 10.0.40219.1
Project("{FAE04EC0-301F-11D3-BF4B-00C04F79EFBC}") = "ExtractZips", "ExtractZips\ExtractZips.csproj", "{DD8D068C-DB01-40B4-83DB-3290AACA07AB}"
EndProject
Global
	GlobalSection(SolutionConfigurationPlatforms) = preSolution
		Debug|Any CPU = Debug|Any CPU
		Release|Any CPU = Release|Any CPU
	EndGlobalSection
	GlobalSection(ProjectConfigurationPlatforms) = postSolution
		{DD8D068C-DB01-40B4-83DB-3290AACA07AB}.Debug|Any CPU.ActiveCfg = Debug|Any CPU
		{DD8D068C-DB01-40B4-83DB-3290AACA07AB}.Debug|Any CPU.Build.0 = Debug|Any CPU
		{DD8D068C-DB01-40B4-83DB-3290AACA07AB}.Release|Any CPU.ActiveCfg = Release|Any CPU
		{DD8D068C-DB01-40B4-83DB-3290AACA07AB}.Release|Any CPU.Build.0 = Release|Any CPU
	EndGlobalSection
	GlobalSection(SolutionProperties) = preSolution
		HideSolutionNode = FALSE
	EndGlobalSection
EndGlobal
